<?xml version="1.0" encoding="utf-8"?>
<Project ToolsVersion="4.0" xmlns="http://schemas.microsoft.com/developer/msbuild/2003">
  <ItemGroup>
    <Filter Include="源文件">
      <UniqueIdentifier>{4FC737F1-C7A5-4376-A066-2A32D752A2FF}</UniqueIdentifier>
      <Extensions>cpp;c;cc;cxx;c++;cppm;ixx;def;odl;idl;hpj;bat;asm;asmx</Extensions>
    </Filter>
    <Filter Include="头文件">
      <UniqueIdentifier>{93995380-89BD-4b04-88EB-625FBE52EBFB}</UniqueIdentifier>
      <Extensions>h;hh;hpp;hxx;h++;hm;inl;inc;ipp;xsd</Extensions>
    </Filter>
    <Filter Include="资源文件">
      <UniqueIdentifier>{67DA6AB6-F800-4c08-8B7A-83BB121AAD01}</UniqueIdentifier>
      <Extensions>rc;ico;cur;bmp;dlg;rc2;rct;bin;rgs;gif;jpg;jpeg;jpe;resx;tiff;tif;png;wav;mfcribbon-ms</Extensions>
    </Filter>
    <Filter Include="头文件\Scene">
      <UniqueIdentifier>{5c576601-2bd1-4b78-8dcb-ee77ca812d67}</UniqueIdentifier>
    </Filter>
    <Filter Include="头文件\Scene\Game Scene">
      <UniqueIdentifier>{b93de89e-3280-4728-b175-95ad307700f2}</UniqueIdentifier>
    </Filter>
    <Filter Include="头文件\Player">
      <UniqueIdentifier>{126e547d-d82b-4f7c-85fe-0cb9fc5a076f}</UniqueIdentifier>
    </Filter>
  </ItemGroup>
  <ItemGroup>
    <ClCompile Include="main.cpp">
      <Filter>源文件</Filter>
    </ClCompile>
  </ItemGroup>
  <ItemGroup>
    <ClInclude Include="scene_manager.h">
      <Filter>头文件</Filter>
    </ClInclude>
    <ClInclude Include="button.h">
      <Filter>头文件</Filter>
    </ClInclude>
    <ClInclude Include="menu_scene.h">
      <Filter>头文件\Scene</Filter>
    </ClInclude>
    <ClInclude Include="scene.h">
      <Filter>头文件\Scene</Filter>
    </ClInclude>
    <ClInclude Include="ship.h">
      <Filter>头文件</Filter>
    </ClInclude>
    <ClInclude Include="board.h">
      <Filter>头文件</Filter>
    </ClInclude>
    <ClInclude Include="setup_scene.h">
      <Filter>头文件\Scene</Filter>
    </ClInclude>
    <ClInclude Include="game_scene.h">
      <Filter>头文件\Scene\Game Scene</Filter>
    </ClInclude>
    <ClInclude Include="local_pvp_scene.h">
      <Filter>头文件\Scene\Game Scene</Filter>
    </ClInclude>
    <ClInclude Include="pve_scene.h">
      <Filter>头文件\Scene\Game Scene</Filter>
    </ClInclude>
    <ClInclude Include="player.h">
      <Filter>头文件\Player</Filter>
    </ClInclude>
    <ClInclude Include="computer_player.h">
      <Filter>头文件\Player</Filter>
    </ClInclude>
    <ClInclude Include="human_player.h">
      <Filter>头文件\Player</Filter>
    </ClInclude>
  </ItemGroup>
</Project>